
Microsoft Visual Studio Solution File, Format Version 12.00
# Visual Studio 15
VisualStudioVersion = 15.0.27428.2027
MinimumVisualStudioVersion = 10.0.40219.1
Project("{FAE04EC0-301F-11D3-BF4B-00C04F79EFBC}") = "RoadStatus", "RoadStatus\RoadStatus.csproj", "{879D3BFD-1B67-4E9F-9B00-7B14C3E2472B}"
EndProject
Project("{FAE04EC0-301F-11D3-BF4B-00C04F79EFBC}") = "RoadStatusModel", "RoadStatusModel\RoadStatusModel.csproj", "{CDBFB6E9-9980-41E4-9CF0-83742EE2D228}"
EndProject
Project("{FAE04EC0-301F-11D3-BF4B-00C04F79EFBC}") = "RoadStatusTest", "RoadStatusTest\RoadStatusTest.csproj", "{7CE56309-4482-4657-91CB-612542CE49FD}"
EndProject
Global
	GlobalSection(SolutionConfigurationPlatforms) = preSolution
		Debug|Any CPU = Debug|Any CPU
		Release|Any CPU = Release|Any CPU
	EndGlobalSection
	GlobalSection(ProjectConfigurationPlatforms) = postSolution
		{879D3BFD-1B67-4E9F-9B00-7B14C3E2472B}.Debug|Any CPU.ActiveCfg = Debug|Any CPU
		{879D3BFD-1B67-4E9F-9B00-7B14C3E2472B}.Debug|Any CPU.Build.0 = Debug|Any CPU
		{879D3BFD-1B67-4E9F-9B00-7B14C3E2472B}.Release|Any CPU.ActiveCfg = Release|Any CPU
		{879D3BFD-1B67-4E9F-9B00-7B14C3E2472B}.Release|Any CPU.Build.0 = Release|Any CPU
		{CDBFB6E9-9980-41E4-9CF0-83742EE2D228}.Debug|Any CPU.ActiveCfg = Debug|Any CPU
		{CDBFB6E9-9980-41E4-9CF0-83742EE2D228}.Debug|Any CPU.Build.0 = Debug|Any CPU
		{CDBFB6E9-9980-41E4-9CF0-83742EE2D228}.Release|Any CPU.ActiveCfg = Release|Any CPU
		{CDBFB6E9-9980-41E4-9CF0-83742EE2D228}.Release|Any CPU.Build.0 = Release|Any CPU
		{7CE56309-4482-4657-91CB-612542CE49FD}.Debug|Any CPU.ActiveCfg = Debug|Any CPU
		{7CE56309-4482-4657-91CB-612542CE49FD}.Debug|Any CPU.Build.0 = Debug|Any CPU
		{7CE56309-4482-4657-91CB-612542CE49FD}.Release|Any CPU.ActiveCfg = Release|Any CPU
		{7CE56309-4482-4657-91CB-612542CE49FD}.Release|Any CPU.Build.0 = Release|Any CPU
	EndGlobalSection
	GlobalSection(SolutionProperties) = preSolution
		HideSolutionNode = FALSE
	EndGlobalSection
	GlobalSection(ExtensibilityGlobals) = postSolution
		SolutionGuid = {8C08C242-0977-4096-8D30-E910C8EB44E1}
	EndGlobalSection
EndGlobal
